<Solution>
  <Folder Name="/Firecrawl.Anydoc/">
    <Project Path="Firecrawl.Anydoc/Firecrawl.Anydoc.csproj" />
  </Folder>
  <Folder Name="/Firecrawl.Anydoc.Tests/">
    <Project Path="Firecrawl.Anydoc.Tests/Firecrawl.Anydoc.Tests.csproj" />
  </Folder>
  <Folder Name="/Firecrawl.Anydoc.Wasm/">
    <Project Path="Firecrawl.Anydoc.Wasm/Firecrawl.Anydoc.Wasm.csproj" />
  </Folder>
  <Folder Name="/Firecrawl.Anydoc.Wasm.Tests/">
    <Project Path="Firecrawl.Anydoc.Wasm.Tests/Firecrawl.Anydoc.Wasm.Tests.csproj" />
  </Folder>
</Solution>